
Microsoft Visual Studio Solution File, Format Version 12.00
# Visual Studio 15
VisualStudioVersion = 15.0.27924.0
MinimumVisualStudioVersion = 10.0.40219.1
Project("{9A19103F-16F7-4668-BE54-9A1E7A4F7556}") = "PiDigits", "PiDigits\PiDigits.csproj", "{14010D8E-3B56-4334-8653-0DF7D34D4392}"
EndProject
Project("{9A19103F-16F7-4668-BE54-9A1E7A4F7556}") = "PiDigitsLatest", "PiDigitsLatest\PiDigitsLatest.csproj", "{50F685FF-0AF7-41E3-B3DD-C42FB09CB28A}"
EndProject
Project("{9A19103F-16F7-4668-BE54-9A1E7A4F7556}") = "PiDigitsBaseline", "PiDigitsBaseline\PiDigitsBaseline.csproj", "{D6CE3282-5436-417C-8D20-248DE1D2C2DF}"
EndProject
Project("{9A19103F-16F7-4668-BE54-9A1E7A4F7556}") = "MandelbrotBaseline", "MandelbrotBaseline\MandelbrotBaseline.csproj", "{654D5EC4-AD4C-424C-B971-E3EBE1424F42}"
EndProject
Project("{9A19103F-16F7-4668-BE54-9A1E7A4F7556}") = "NBodyBaseline", "NBodyBaseline\NBodyBaseline.csproj", "{19B1E7B7-6E40-4D9D-9D66-52FF4858AC53}"
EndProject
Project("{9A19103F-16F7-4668-BE54-9A1E7A4F7556}") = "FannkuchReduxBaseline", "FannkuchReduxBaseline\FannkuchReduxBaseline.csproj", "{314385C7-3A25-4CEE-B98D-2E44B6933DA6}"
EndProject
Project("{9A19103F-16F7-4668-BE54-9A1E7A4F7556}") = "FannkuchReduxC", "FannkuchReduxC\FannkuchReduxC.csproj", "{DF693203-461B-4462-9F2E-3FE0861CBE17}"
EndProject
Project("{9A19103F-16F7-4668-BE54-9A1E7A4F7556}") = "NBodyHWIntrinsics", "NBodyHWIntrinsics\NBodyHWIntrinsics.csproj", "{03432E2D-F486-4EE0-B59B-BBE5AA0E0EF8}"
EndProject
Project("{9A19103F-16F7-4668-BE54-9A1E7A4F7556}") = "SpectralNormBaseline", "SpectralNormBaseline\SpectralNormBaseline.csproj", "{C2B15369-7543-4C47-BFF4-E8BE2662B06A}"
EndProject
Project("{9A19103F-16F7-4668-BE54-9A1E7A4F7556}") = "SpectralNormVector", "SpectralNormVector\SpectralNormVector.csproj", "{9D48CC58-1274-4B54-A7B7-4DD4335C025E}"
EndProject
Project("{9A19103F-16F7-4668-BE54-9A1E7A4F7556}") = "NBodyHWIntrinsics.Tests", "NBodyHWIntrinsics.Tests\NBodyHWIntrinsics.Tests.csproj", "{741FBA78-B2E2-4C6E-B736-2E1A5B19E2DD}"
EndProject
Project("{9A19103F-16F7-4668-BE54-9A1E7A4F7556}") = "NBody.Benchmarks", "NBody.Benchmarks\NBody.Benchmarks.csproj", "{B3336891-8C4E-4200-B82B-B1893204F87F}"
EndProject
Project("{2150E333-8FDC-42A3-9474-1A3956D46DE8}") = "Solution Items", "Solution Items", "{C41F081B-F472-499B-A0AC-E7DBD30F30BC}"
	ProjectSection(SolutionItems) = preProject
		Directory.Build.props = Directory.Build.props
		Directory.Build.targets = Directory.Build.targets
		global.json = global.json
		NuGet.config = NuGet.config
	EndProjectSection
EndProject
Project("{8BC9CEB8-8B4A-11D0-8D11-00A0C91BC942}") = "NBodyHWIntrinsicsCpp", "NBodyHWIntrinsicsCpp\NBodyHWIntrinsicsCpp.vcxproj", "{DA11A2A5-DBB6-4797-AADA-7D11F116E07F}"
EndProject
Project("{9A19103F-16F7-4668-BE54-9A1E7A4F7556}") = "NBodyCpp", "NBodyCpp\NBodyCpp.csproj", "{F1FF506C-63A4-459F-88B0-4B58BDBF94A8}"
EndProject
Project("{8BC9CEB8-8B4A-11D0-8D11-00A0C91BC942}") = "NBodyCppBaseline", "NBodyCppBaseline\NBodyCppBaseline.vcxproj", "{2B19A73A-30FB-4FB1-8837-C5472D86D636}"
EndProject
Project("{9A19103F-16F7-4668-BE54-9A1E7A4F7556}") = "NBodyCpp.Benchmarks", "NBodyCpp.Benchmarks\NBodyCpp.Benchmarks.csproj", "{D55C80C8-FA56-4288-998C-D776C20C5C45}"
EndProject
Project("{FAE04EC0-301F-11D3-BF4B-00C04F79EFBC}") = "NBodyCpp.Tests", "NBodyCpp.Tests\NBodyCpp.Tests.csproj", "{892FE7BB-BDCB-4CE2-AAB0-6C96D6918064}"
EndProject
Global
	GlobalSection(SolutionConfigurationPlatforms) = preSolution
		Debug|Any CPU = Debug|Any CPU
		Debug|x64 = Debug|x64
		Debug|x86 = Debug|x86
		Release|Any CPU = Release|Any CPU
		Release|x64 = Release|x64
		Release|x86 = Release|x86
	EndGlobalSection
	GlobalSection(ProjectConfigurationPlatforms) = postSolution
		{14010D8E-3B56-4334-8653-0DF7D34D4392}.Debug|Any CPU.ActiveCfg = Debug|Any CPU
		{14010D8E-3B56-4334-8653-0DF7D34D4392}.Debug|Any CPU.Build.0 = Debug|Any CPU
		{14010D8E-3B56-4334-8653-0DF7D34D4392}.Debug|x64.ActiveCfg = Debug|Any CPU
		{14010D8E-3B56-4334-8653-0DF7D34D4392}.Debug|x64.Build.0 = Debug|Any CPU
		{14010D8E-3B56-4334-8653-0DF7D34D4392}.Debug|x86.ActiveCfg = Debug|Any CPU
		{14010D8E-3B56-4334-8653-0DF7D34D4392}.Debug|x86.Build.0 = Debug|Any CPU
		{14010D8E-3B56-4334-8653-0DF7D34D4392}.Release|Any CPU.ActiveCfg = Debug|Any CPU
		{14010D8E-3B56-4334-8653-0DF7D34D4392}.Release|Any CPU.Build.0 = Debug|Any CPU
		{14010D8E-3B56-4334-8653-0DF7D34D4392}.Release|x64.ActiveCfg = Release|Any CPU
		{14010D8E-3B56-4334-8653-0DF7D34D4392}.Release|x64.Build.0 = Release|Any CPU
		{14010D8E-3B56-4334-8653-0DF7D34D4392}.Release|x86.ActiveCfg = Debug|Any CPU
		{14010D8E-3B56-4334-8653-0DF7D34D4392}.Release|x86.Build.0 = Debug|Any CPU
		{50F685FF-0AF7-41E3-B3DD-C42FB09CB28A}.Debug|Any CPU.ActiveCfg = Debug|Any CPU
		{50F685FF-0AF7-41E3-B3DD-C42FB09CB28A}.Debug|Any CPU.Build.0 = Debug|Any CPU
		{50F685FF-0AF7-41E3-B3DD-C42FB09CB28A}.Debug|x64.ActiveCfg = Debug|Any CPU
		{50F685FF-0AF7-41E3-B3DD-C42FB09CB28A}.Debug|x64.Build.0 = Debug|Any CPU
		{50F685FF-0AF7-41E3-B3DD-C42FB09CB28A}.Debug|x86.ActiveCfg = Debug|Any CPU
		{50F685FF-0AF7-41E3-B3DD-C42FB09CB28A}.Debug|x86.Build.0 = Debug|Any CPU
		{50F685FF-0AF7-41E3-B3DD-C42FB09CB28A}.Release|Any CPU.ActiveCfg = Debug|Any CPU
		{50F685FF-0AF7-41E3-B3DD-C42FB09CB28A}.Release|Any CPU.Build.0 = Debug|Any CPU
		{50F685FF-0AF7-41E3-B3DD-C42FB09CB28A}.Release|x64.ActiveCfg = Release|Any CPU
		{50F685FF-0AF7-41E3-B3DD-C42FB09CB28A}.Release|x64.Build.0 = Release|Any CPU
		{50F685FF-0AF7-41E3-B3DD-C42FB09CB28A}.Release|x86.ActiveCfg = Debug|Any CPU
		{50F685FF-0AF7-41E3-B3DD-C42FB09CB28A}.Release|x86.Build.0 = Debug|Any CPU
		{D6CE3282-5436-417C-8D20-248DE1D2C2DF}.Debug|Any CPU.ActiveCfg = Debug|Any CPU
		{D6CE3282-5436-417C-8D20-248DE1D2C2DF}.Debug|Any CPU.Build.0 = Debug|Any CPU
		{D6CE3282-5436-417C-8D20-248DE1D2C2DF}.Debug|x64.ActiveCfg = Debug|Any CPU
		{D6CE3282-5436-417C-8D20-248DE1D2C2DF}.Debug|x64.Build.0 = Debug|Any CPU
		{D6CE3282-5436-417C-8D20-248DE1D2C2DF}.Debug|x86.ActiveCfg = Debug|Any CPU
		{D6CE3282-5436-417C-8D20-248DE1D2C2DF}.Debug|x86.Build.0 = Debug|Any CPU
		{D6CE3282-5436-417C-8D20-248DE1D2C2DF}.Release|Any CPU.ActiveCfg = Debug|Any CPU
		{D6CE3282-5436-417C-8D20-248DE1D2C2DF}.Release|Any CPU.Build.0 = Debug|Any CPU
		{D6CE3282-5436-417C-8D20-248DE1D2C2DF}.Release|x64.ActiveCfg = Release|Any CPU
		{D6CE3282-5436-417C-8D20-248DE1D2C2DF}.Release|x64.Build.0 = Release|Any CPU
		{D6CE3282-5436-417C-8D20-248DE1D2C2DF}.Release|x86.ActiveCfg = Debug|Any CPU
		{D6CE3282-5436-417C-8D20-248DE1D2C2DF}.Release|x86.Build.0 = Debug|Any CPU
		{654D5EC4-AD4C-424C-B971-E3EBE1424F42}.Debug|Any CPU.ActiveCfg = Debug|Any CPU
		{654D5EC4-AD4C-424C-B971-E3EBE1424F42}.Debug|Any CPU.Build.0 = Debug|Any CPU
		{654D5EC4-AD4C-424C-B971-E3EBE1424F42}.Debug|x64.ActiveCfg = Debug|Any CPU
		{654D5EC4-AD4C-424C-B971-E3EBE1424F42}.Debug|x64.Build.0 = Debug|Any CPU
		{654D5EC4-AD4C-424C-B971-E3EBE1424F42}.Debug|x86.ActiveCfg = Debug|Any CPU
		{654D5EC4-AD4C-424C-B971-E3EBE1424F42}.Debug|x86.Build.0 = Debug|Any CPU
		{654D5EC4-AD4C-424C-B971-E3EBE1424F42}.Release|Any CPU.ActiveCfg = Debug|Any CPU
		{654D5EC4-AD4C-424C-B971-E3EBE1424F42}.Release|Any CPU.Build.0 = Debug|Any CPU
		{654D5EC4-AD4C-424C-B971-E3EBE1424F42}.Release|x64.ActiveCfg = Release|Any CPU
		{654D5EC4-AD4C-424C-B971-E3EBE1424F42}.Release|x64.Build.0 = Release|Any CPU
		{654D5EC4-AD4C-424C-B971-E3EBE1424F42}.Release|x86.ActiveCfg = Debug|Any CPU
		{654D5EC4-AD4C-424C-B971-E3EBE1424F42}.Release|x86.Build.0 = Debug|Any CPU
		{19B1E7B7-6E40-4D9D-9D66-52FF4858AC53}.Debug|Any CPU.ActiveCfg = Debug|Any CPU
		{19B1E7B7-6E40-4D9D-9D66-52FF4858AC53}.Debug|Any CPU.Build.0 = Debug|Any CPU
		{19B1E7B7-6E40-4D9D-9D66-52FF4858AC53}.Debug|x64.ActiveCfg = Debug|Any CPU
		{19B1E7B7-6E40-4D9D-9D66-52FF4858AC53}.Debug|x64.Build.0 = Debug|Any CPU
		{19B1E7B7-6E40-4D9D-9D66-52FF4858AC53}.Debug|x86.ActiveCfg = Debug|Any CPU
		{19B1E7B7-6E40-4D9D-9D66-52FF4858AC53}.Debug|x86.Build.0 = Debug|Any CPU
		{19B1E7B7-6E40-4D9D-9D66-52FF4858AC53}.Release|Any CPU.ActiveCfg = Debug|Any CPU
		{19B1E7B7-6E40-4D9D-9D66-52FF4858AC53}.Release|Any CPU.Build.0 = Debug|Any CPU
		{19B1E7B7-6E40-4D9D-9D66-52FF4858AC53}.Release|x64.ActiveCfg = Release|Any CPU
		{19B1E7B7-6E40-4D9D-9D66-52FF4858AC53}.Release|x64.Build.0 = Release|Any CPU
		{19B1E7B7-6E40-4D9D-9D66-52FF4858AC53}.Release|x86.ActiveCfg = Debug|Any CPU
		{19B1E7B7-6E40-4D9D-9D66-52FF4858AC53}.Release|x86.Build.0 = Debug|Any CPU
		{314385C7-3A25-4CEE-B98D-2E44B6933DA6}.Debug|Any CPU.ActiveCfg = Debug|Any CPU
		{314385C7-3A25-4CEE-B98D-2E44B6933DA6}.Debug|Any CPU.Build.0 = Debug|Any CPU
		{314385C7-3A25-4CEE-B98D-2E44B6933DA6}.Debug|x64.ActiveCfg = Debug|Any CPU
		{314385C7-3A25-4CEE-B98D-2E44B6933DA6}.Debug|x64.Build.0 = Debug|Any CPU
		{314385C7-3A25-4CEE-B98D-2E44B6933DA6}.Debug|x86.ActiveCfg = Debug|Any CPU
		{314385C7-3A25-4CEE-B98D-2E44B6933DA6}.Debug|x86.Build.0 = Debug|Any CPU
		{314385C7-3A25-4CEE-B98D-2E44B6933DA6}.Release|Any CPU.ActiveCfg = Debug|Any CPU
		{314385C7-3A25-4CEE-B98D-2E44B6933DA6}.Release|Any CPU.Build.0 = Debug|Any CPU
		{314385C7-3A25-4CEE-B98D-2E44B6933DA6}.Release|x64.ActiveCfg = Release|Any CPU
		{314385C7-3A25-4CEE-B98D-2E44B6933DA6}.Release|x64.Build.0 = Release|Any CPU
		{314385C7-3A25-4CEE-B98D-2E44B6933DA6}.Release|x86.ActiveCfg = Debug|Any CPU
		{314385C7-3A25-4CEE-B98D-2E44B6933DA6}.Release|x86.Build.0 = Debug|Any CPU
		{DF693203-461B-4462-9F2E-3FE0861CBE17}.Debug|Any CPU.ActiveCfg = Debug|Any CPU
		{DF693203-461B-4462-9F2E-3FE0861CBE17}.Debug|Any CPU.Build.0 = Debug|Any CPU
		{DF693203-461B-4462-9F2E-3FE0861CBE17}.Debug|x64.ActiveCfg = Debug|Any CPU
		{DF693203-461B-4462-9F2E-3FE0861CBE17}.Debug|x64.Build.0 = Debug|Any CPU
		{DF693203-461B-4462-9F2E-3FE0861CBE17}.Debug|x86.ActiveCfg = Debug|Any CPU
		{DF693203-461B-4462-9F2E-3FE0861CBE17}.Debug|x86.Build.0 = Debug|Any CPU
		{DF693203-461B-4462-9F2E-3FE0861CBE17}.Release|Any CPU.ActiveCfg = Debug|Any CPU
		{DF693203-461B-4462-9F2E-3FE0861CBE17}.Release|Any CPU.Build.0 = Debug|Any CPU
		{DF693203-461B-4462-9F2E-3FE0861CBE17}.Release|x64.ActiveCfg = Release|Any CPU
		{DF693203-461B-4462-9F2E-3FE0861CBE17}.Release|x64.Build.0 = Release|Any CPU
		{DF693203-461B-4462-9F2E-3FE0861CBE17}.Release|x86.ActiveCfg = Debug|Any CPU
		{DF693203-461B-4462-9F2E-3FE0861CBE17}.Release|x86.Build.0 = Debug|Any CPU
		{03432E2D-F486-4EE0-B59B-BBE5AA0E0EF8}.Debug|Any CPU.ActiveCfg = Debug|Any CPU
		{03432E2D-F486-4EE0-B59B-BBE5AA0E0EF8}.Debug|Any CPU.Build.0 = Debug|Any CPU
		{03432E2D-F486-4EE0-B59B-BBE5AA0E0EF8}.Debug|x64.ActiveCfg = Debug|Any CPU
		{03432E2D-F486-4EE0-B59B-BBE5AA0E0EF8}.Debug|x64.Build.0 = Debug|Any CPU
		{03432E2D-F486-4EE0-B59B-BBE5AA0E0EF8}.Debug|x86.ActiveCfg = Debug|Any CPU
		{03432E2D-F486-4EE0-B59B-BBE5AA0E0EF8}.Debug|x86.Build.0 = Debug|Any CPU
		{03432E2D-F486-4EE0-B59B-BBE5AA0E0EF8}.Release|Any CPU.ActiveCfg = Debug|Any CPU
		{03432E2D-F486-4EE0-B59B-BBE5AA0E0EF8}.Release|Any CPU.Build.0 = Debug|Any CPU
		{03432E2D-F486-4EE0-B59B-BBE5AA0E0EF8}.Release|x64.ActiveCfg = Release|Any CPU
		{03432E2D-F486-4EE0-B59B-BBE5AA0E0EF8}.Release|x64.Build.0 = Release|Any CPU
		{03432E2D-F486-4EE0-B59B-BBE5AA0E0EF8}.Release|x86.ActiveCfg = Debug|Any CPU
		{03432E2D-F486-4EE0-B59B-BBE5AA0E0EF8}.Release|x86.Build.0 = Debug|Any CPU
		{C2B15369-7543-4C47-BFF4-E8BE2662B06A}.Debug|Any CPU.ActiveCfg = Debug|Any CPU
		{C2B15369-7543-4C47-BFF4-E8BE2662B06A}.Debug|Any CPU.Build.0 = Debug|Any CPU
		{C2B15369-7543-4C47-BFF4-E8BE2662B06A}.Debug|x64.ActiveCfg = Debug|Any CPU
		{C2B15369-7543-4C47-BFF4-E8BE2662B06A}.Debug|x64.Build.0 = Debug|Any CPU
		{C2B15369-7543-4C47-BFF4-E8BE2662B06A}.Debug|x86.ActiveCfg = Debug|Any CPU
		{C2B15369-7543-4C47-BFF4-E8BE2662B06A}.Debug|x86.Build.0 = Debug|Any CPU
		{C2B15369-7543-4C47-BFF4-E8BE2662B06A}.Release|Any CPU.ActiveCfg = Debug|Any CPU
		{C2B15369-7543-4C47-BFF4-E8BE2662B06A}.Release|Any CPU.Build.0 = Debug|Any CPU
		{C2B15369-7543-4C47-BFF4-E8BE2662B06A}.Release|x64.ActiveCfg = Release|Any CPU
		{C2B15369-7543-4C47-BFF4-E8BE2662B06A}.Release|x64.Build.0 = Release|Any CPU
		{C2B15369-7543-4C47-BFF4-E8BE2662B06A}.Release|x86.ActiveCfg = Debug|Any CPU
		{C2B15369-7543-4C47-BFF4-E8BE2662B06A}.Release|x86.Build.0 = Debug|Any CPU
		{9D48CC58-1274-4B54-A7B7-4DD4335C025E}.Debug|Any CPU.ActiveCfg = Debug|Any CPU
		{9D48CC58-1274-4B54-A7B7-4DD4335C025E}.Debug|Any CPU.Build.0 = Debug|Any CPU
		{9D48CC58-1274-4B54-A7B7-4DD4335C025E}.Debug|x64.ActiveCfg = Debug|Any CPU
		{9D48CC58-1274-4B54-A7B7-4DD4335C025E}.Debug|x64.Build.0 = Debug|Any CPU
		{9D48CC58-1274-4B54-A7B7-4DD4335C025E}.Debug|x86.ActiveCfg = Debug|Any CPU
		{9D48CC58-1274-4B54-A7B7-4DD4335C025E}.Debug|x86.Build.0 = Debug|Any CPU
		{9D48CC58-1274-4B54-A7B7-4DD4335C025E}.Release|Any CPU.ActiveCfg = Debug|Any CPU
		{9D48CC58-1274-4B54-A7B7-4DD4335C025E}.Release|Any CPU.Build.0 = Debug|Any CPU
		{9D48CC58-1274-4B54-A7B7-4DD4335C025E}.Release|x64.ActiveCfg = Release|Any CPU
		{9D48CC58-1274-4B54-A7B7-4DD4335C025E}.Release|x64.Build.0 = Release|Any CPU
		{9D48CC58-1274-4B54-A7B7-4DD4335C025E}.Release|x86.ActiveCfg = Debug|Any CPU
		{9D48CC58-1274-4B54-A7B7-4DD4335C025E}.Release|x86.Build.0 = Debug|Any CPU
		{741FBA78-B2E2-4C6E-B736-2E1A5B19E2DD}.Debug|Any CPU.ActiveCfg = Debug|Any CPU
		{741FBA78-B2E2-4C6E-B736-2E1A5B19E2DD}.Debug|Any CPU.Build.0 = Debug|Any CPU
		{741FBA78-B2E2-4C6E-B736-2E1A5B19E2DD}.Debug|x64.ActiveCfg = Debug|Any CPU
		{741FBA78-B2E2-4C6E-B736-2E1A5B19E2DD}.Debug|x64.Build.0 = Debug|Any CPU
		{741FBA78-B2E2-4C6E-B736-2E1A5B19E2DD}.Debug|x86.ActiveCfg = Debug|Any CPU
		{741FBA78-B2E2-4C6E-B736-2E1A5B19E2DD}.Debug|x86.Build.0 = Debug|Any CPU
		{741FBA78-B2E2-4C6E-B736-2E1A5B19E2DD}.Release|Any CPU.ActiveCfg = Debug|Any CPU
		{741FBA78-B2E2-4C6E-B736-2E1A5B19E2DD}.Release|Any CPU.Build.0 = Debug|Any CPU
		{741FBA78-B2E2-4C6E-B736-2E1A5B19E2DD}.Release|x64.ActiveCfg = Release|Any CPU
		{741FBA78-B2E2-4C6E-B736-2E1A5B19E2DD}.Release|x64.Build.0 = Release|Any CPU
		{741FBA78-B2E2-4C6E-B736-2E1A5B19E2DD}.Release|x86.ActiveCfg = Debug|Any CPU
		{741FBA78-B2E2-4C6E-B736-2E1A5B19E2DD}.Release|x86.Build.0 = Debug|Any CPU
		{B3336891-8C4E-4200-B82B-B1893204F87F}.Debug|Any CPU.ActiveCfg = Debug|Any CPU
		{B3336891-8C4E-4200-B82B-B1893204F87F}.Debug|Any CPU.Build.0 = Debug|Any CPU
		{B3336891-8C4E-4200-B82B-B1893204F87F}.Debug|x64.ActiveCfg = Debug|Any CPU
		{B3336891-8C4E-4200-B82B-B1893204F87F}.Debug|x64.Build.0 = Debug|Any CPU
		{B3336891-8C4E-4200-B82B-B1893204F87F}.Debug|x86.ActiveCfg = Debug|Any CPU
		{B3336891-8C4E-4200-B82B-B1893204F87F}.Debug|x86.Build.0 = Debug|Any CPU
		{B3336891-8C4E-4200-B82B-B1893204F87F}.Release|Any CPU.ActiveCfg = Debug|Any CPU
		{B3336891-8C4E-4200-B82B-B1893204F87F}.Release|Any CPU.Build.0 = Debug|Any CPU
		{B3336891-8C4E-4200-B82B-B1893204F87F}.Release|x64.ActiveCfg = Release|Any CPU
		{B3336891-8C4E-4200-B82B-B1893204F87F}.Release|x64.Build.0 = Release|Any CPU
		{B3336891-8C4E-4200-B82B-B1893204F87F}.Release|x86.ActiveCfg = Debug|Any CPU
		{B3336891-8C4E-4200-B82B-B1893204F87F}.Release|x86.Build.0 = Debug|Any CPU
		{DA11A2A5-DBB6-4797-AADA-7D11F116E07F}.Debug|Any CPU.ActiveCfg = Debug|Win32
		{DA11A2A5-DBB6-4797-AADA-7D11F116E07F}.Debug|x64.ActiveCfg = Debug|x64
		{DA11A2A5-DBB6-4797-AADA-7D11F116E07F}.Debug|x64.Build.0 = Debug|x64
		{DA11A2A5-DBB6-4797-AADA-7D11F116E07F}.Debug|x86.ActiveCfg = Debug|Win32
		{DA11A2A5-DBB6-4797-AADA-7D11F116E07F}.Debug|x86.Build.0 = Debug|Win32
		{DA11A2A5-DBB6-4797-AADA-7D11F116E07F}.Release|Any CPU.ActiveCfg = Debug|Win32
		{DA11A2A5-DBB6-4797-AADA-7D11F116E07F}.Release|x64.ActiveCfg = Release|x64
		{DA11A2A5-DBB6-4797-AADA-7D11F116E07F}.Release|x64.Build.0 = Release|x64
		{DA11A2A5-DBB6-4797-AADA-7D11F116E07F}.Release|x86.ActiveCfg = Debug|Win32
		{DA11A2A5-DBB6-4797-AADA-7D11F116E07F}.Release|x86.Build.0 = Release|Win32
		{F1FF506C-63A4-459F-88B0-4B58BDBF94A8}.Debug|Any CPU.ActiveCfg = Debug|Any CPU
		{F1FF506C-63A4-459F-88B0-4B58BDBF94A8}.Debug|Any CPU.Build.0 = Debug|Any CPU
		{F1FF506C-63A4-459F-88B0-4B58BDBF94A8}.Debug|x64.ActiveCfg = Debug|Any CPU
		{F1FF506C-63A4-459F-88B0-4B58BDBF94A8}.Debug|x64.Build.0 = Debug|Any CPU
		{F1FF506C-63A4-459F-88B0-4B58BDBF94A8}.Debug|x86.ActiveCfg = Debug|Any CPU
		{F1FF506C-63A4-459F-88B0-4B58BDBF94A8}.Debug|x86.Build.0 = Debug|Any CPU
		{F1FF506C-63A4-459F-88B0-4B58BDBF94A8}.Release|Any CPU.ActiveCfg = Debug|Any CPU
		{F1FF506C-63A4-459F-88B0-4B58BDBF94A8}.Release|Any CPU.Build.0 = Debug|Any CPU
		{F1FF506C-63A4-459F-88B0-4B58BDBF94A8}.Release|x64.ActiveCfg = Release|Any CPU
		{F1FF506C-63A4-459F-88B0-4B58BDBF94A8}.Release|x64.Build.0 = Release|Any CPU
		{F1FF506C-63A4-459F-88B0-4B58BDBF94A8}.Release|x86.ActiveCfg = Debug|Any CPU
		{F1FF506C-63A4-459F-88B0-4B58BDBF94A8}.Release|x86.Build.0 = Debug|Any CPU
		{2B19A73A-30FB-4FB1-8837-C5472D86D636}.Debug|Any CPU.ActiveCfg = Debug|Win32
		{2B19A73A-30FB-4FB1-8837-C5472D86D636}.Debug|x64.ActiveCfg = Debug|x64
		{2B19A73A-30FB-4FB1-8837-C5472D86D636}.Debug|x64.Build.0 = Debug|x64
		{2B19A73A-30FB-4FB1-8837-C5472D86D636}.Debug|x86.ActiveCfg = Debug|Win32
		{2B19A73A-30FB-4FB1-8837-C5472D86D636}.Debug|x86.Build.0 = Debug|Win32
		{2B19A73A-30FB-4FB1-8837-C5472D86D636}.Release|Any CPU.ActiveCfg = Debug|Win32
		{2B19A73A-30FB-4FB1-8837-C5472D86D636}.Release|x64.ActiveCfg = Release|x64
		{2B19A73A-30FB-4FB1-8837-C5472D86D636}.Release|x64.Build.0 = Release|x64
		{2B19A73A-30FB-4FB1-8837-C5472D86D636}.Release|x86.ActiveCfg = Debug|Win32
		{2B19A73A-30FB-4FB1-8837-C5472D86D636}.Release|x86.Build.0 = Release|Win32
		{D55C80C8-FA56-4288-998C-D776C20C5C45}.Debug|Any CPU.ActiveCfg = Debug|Any CPU
		{D55C80C8-FA56-4288-998C-D776C20C5C45}.Debug|Any CPU.Build.0 = Debug|Any CPU
		{D55C80C8-FA56-4288-998C-D776C20C5C45}.Debug|x64.ActiveCfg = Debug|Any CPU
		{D55C80C8-FA56-4288-998C-D776C20C5C45}.Debug|x64.Build.0 = Debug|Any CPU
		{D55C80C8-FA56-4288-998C-D776C20C5C45}.Debug|x86.ActiveCfg = Debug|Any CPU
		{D55C80C8-FA56-4288-998C-D776C20C5C45}.Debug|x86.Build.0 = Debug|Any CPU
		{D55C80C8-FA56-4288-998C-D776C20C5C45}.Release|Any CPU.ActiveCfg = Release|Any CPU
		{D55C80C8-FA56-4288-998C-D776C20C5C45}.Release|Any CPU.Build.0 = Release|Any CPU
		{D55C80C8-FA56-4288-998C-D776C20C5C45}.Release|x64.ActiveCfg = Release|Any CPU
		{D55C80C8-FA56-4288-998C-D776C20C5C45}.Release|x64.Build.0 = Release|Any CPU
		{D55C80C8-FA56-4288-998C-D776C20C5C45}.Release|x86.ActiveCfg = Release|Any CPU
		{D55C80C8-FA56-4288-998C-D776C20C5C45}.Release|x86.Build.0 = Release|Any CPU
		{892FE7BB-BDCB-4CE2-AAB0-6C96D6918064}.Debug|Any CPU.ActiveCfg = Debug|Any CPU
		{892FE7BB-BDCB-4CE2-AAB0-6C96D6918064}.Debug|Any CPU.Build.0 = Debug|Any CPU
		{892FE7BB-BDCB-4CE2-AAB0-6C96D6918064}.Debug|x64.ActiveCfg = Debug|Any CPU
		{892FE7BB-BDCB-4CE2-AAB0-6C96D6918064}.Debug|x64.Build.0 = Debug|Any CPU
		{892FE7BB-BDCB-4CE2-AAB0-6C96D6918064}.Debug|x86.ActiveCfg = Debug|Any CPU
		{892FE7BB-BDCB-4CE2-AAB0-6C96D6918064}.Debug|x86.Build.0 = Debug|Any CPU
		{892FE7BB-BDCB-4CE2-AAB0-6C96D6918064}.Release|Any CPU.ActiveCfg = Release|Any CPU
		{892FE7BB-BDCB-4CE2-AAB0-6C96D6918064}.Release|Any CPU.Build.0 = Release|Any CPU
		{892FE7BB-BDCB-4CE2-AAB0-6C96D6918064}.Release|x64.ActiveCfg = Release|Any CPU
		{892FE7BB-BDCB-4CE2-AAB0-6C96D6918064}.Release|x64.Build.0 = Release|Any CPU
		{892FE7BB-BDCB-4CE2-AAB0-6C96D6918064}.Release|x86.ActiveCfg = Release|Any CPU
		{892FE7BB-BDCB-4CE2-AAB0-6C96D6918064}.Release|x86.Build.0 = Release|Any CPU
	EndGlobalSection
	GlobalSection(SolutionProperties) = preSolution
		HideSolutionNode = FALSE
	EndGlobalSection
	GlobalSection(ExtensibilityGlobals) = postSolution
		SolutionGuid = {0161493C-9281-43E5-8848-519164E9C845}
	EndGlobalSection
EndGlobal
